
Microsoft Visual Studio Solution File, Format Version 12.00
# Visual Studio Version 17
VisualStudioVersion = 17.2.32630.192
MinimumVisualStudioVersion = 10.0.40219.1
Project("{FAE04EC0-301F-11D3-BF4B-00C04F79EFBC}") = "ProxyPattern", "ProxyPattern\ProxyPattern.csproj", "{B330D8E3-667C-4D04-A71A-872B52A9C9C3}"
EndProject
Global
	GlobalSection(SolutionConfigurationPlatforms) = preSolution
		Debug|Any CPU = Debug|Any CPU
		Release|Any CPU = Release|Any CPU
	EndGlobalSection
	GlobalSection(ProjectConfigurationPlatforms) = postSolution
		{B330D8E3-667C-4D04-A71A-872B52A9C9C3}.Debug|Any CPU.ActiveCfg = Debug|Any CPU
		{B330D8E3-667C-4D04-A71A-872B52A9C9C3}.Debug|Any CPU.Build.0 = Debug|Any CPU
		{B330D8E3-667C-4D04-A71A-872B52A9C9C3}.Release|Any CPU.ActiveCfg = Release|Any CPU
		{B330D8E3-667C-4D04-A71A-872B52A9C9C3}.Release|Any CPU.Build.0 = Release|Any CPU
	EndGlobalSection
	GlobalSection(SolutionProperties) = preSolution
		HideSolutionNode = FALSE
	EndGlobalSection
	GlobalSection(ExtensibilityGlobals) = postSolution
		SolutionGuid = {12D23FBB-6198-4E95-BA94-F8A07549652B}
	EndGlobalSection
EndGlobal
